
Microsoft Visual Studio Solution File, Format Version 12.00
# Visual Studio Version 16
VisualStudioVersion = 16.0.31702.278
MinimumVisualStudioVersion = 10.0.40219.1
Project("{FAE04EC0-301F-11D3-BF4B-00C04F79EFBC}") = "ProductsApp", "ProductsApp\ProductsApp.csproj", "{8C5DCBFC-C99E-4456-806E-0DD943C751FF}"
EndProject
Project("{FAE04EC0-301F-11D3-BF4B-00C04F79EFBC}") = "ProductsApp.Tests", "ProductsApp.Tests\ProductsApp.Tests.csproj", "{1AA39FF4-DC5B-4683-B612-97188A6F9F56}"
EndProject
Global
	GlobalSection(SolutionConfigurationPlatforms) = preSolution
		Debug|Any CPU = Debug|Any CPU
		Release|Any CPU = Release|Any CPU
	EndGlobalSection
	GlobalSection(ProjectConfigurationPlatforms) = postSolution
		{8C5DCBFC-C99E-4456-806E-0DD943C751FF}.Debug|Any CPU.ActiveCfg = Debug|Any CPU
		{8C5DCBFC-C99E-4456-806E-0DD943C751FF}.Debug|Any CPU.Build.0 = Debug|Any CPU
		{8C5DCBFC-C99E-4456-806E-0DD943C751FF}.Release|Any CPU.ActiveCfg = Release|Any CPU
		{8C5DCBFC-C99E-4456-806E-0DD943C751FF}.Release|Any CPU.Build.0 = Release|Any CPU
		{1AA39FF4-DC5B-4683-B612-97188A6F9F56}.Debug|Any CPU.ActiveCfg = Debug|Any CPU
		{1AA39FF4-DC5B-4683-B612-97188A6F9F56}.Debug|Any CPU.Build.0 = Debug|Any CPU
		{1AA39FF4-DC5B-4683-B612-97188A6F9F56}.Release|Any CPU.ActiveCfg = Release|Any CPU
		{1AA39FF4-DC5B-4683-B612-97188A6F9F56}.Release|Any CPU.Build.0 = Release|Any CPU
	EndGlobalSection
	GlobalSection(SolutionProperties) = preSolution
		HideSolutionNode = FALSE
	EndGlobalSection
	GlobalSection(ExtensibilityGlobals) = postSolution
		SolutionGuid = {45DC43BD-21A6-4A33-909F-588EE69DDCE9}
	EndGlobalSection
EndGlobal
